// !$*UTF8*$!
{
	archiveVersion = 1;
	classes = {
	};
	objectVersion = 46;
	objects = {

/* Begin PBXBuildFile section */
		98FCA7211E027A100007A27F /* staticLibrary.m in Sources */ = {isa = PBXBuildFile; fileRef = 98FCA7201E027A100007A27F /* staticLibrary.m */; };
		98FCA7221E027A100007A27F /* staticLibrary.h in CopyFiles */ = {isa = PBXBuildFile; fileRef = 98FCA71F1E027A100007A27F /* staticLibrary.h */; };
		98FCA7271E028ADF0007A27F /* QDBValue.h in Headers */ = {isa = PBXBuildFile; fileRef = 98FCA6CA1E0277740007A27F /* QDBValue.h */; settings = {ATTRIBUTES = (Public, ); }; };
		98FCA7281E028ADF0007A27F /* QDBValue.m in Sources */ = {isa = PBXBuildFile; fileRef = 98FCA6CB1E0277740007A27F /* QDBValue.m */; };
		98FCA7291E028ADF0007A27F /* QSQLiteOpenHelper.h in Headers */ = {isa = PBXBuildFile; fileRef = 98FCA6CC1E0277740007A27F /* QSQLiteOpenHelper.h */; settings = {ATTRIBUTES = (Public, ); }; };
		98FCA72A1E028ADF0007A27F /* QSQLiteOpenHelper.m in Sources */ = {isa = PBXBuildFile; fileRef = 98FCA6CD1E0277740007A27F /* QSQLiteOpenHelper.m */; };
		98FCA72B1E028AE80007A27F /* QDBValue.m in Sources */ = {isa = PBXBuildFile; fileRef = 98FCA6CB1E0277740007A27F /* QDBValue.m */; };
		98FCA72C1E028AE80007A27F /* QSQLiteOpenHelper.m in Sources */ = {isa = PBXBuildFile; fileRef = 98FCA6CD1E0277740007A27F /* QSQLiteOpenHelper.m */; };
		98FCA7311E02A25C0007A27F /* QSQLite.h in Headers */ = {isa = PBXBuildFile; fileRef = 98FCA7301E02A25C0007A27F /* QSQLite.h */; settings = {ATTRIBUTES = (Public, ); }; };
		98FCA7621E03B5B30007A27F /* QuickSQLite.h in Headers */ = {isa = PBXBuildFile; fileRef = 98FCA7121E0279DB0007A27F /* QuickSQLite.h */; settings = {ATTRIBUTES = (Public, ); }; };
		98FCA77B1E03CECC0007A27F /* main.m in Sources */ = {isa = PBXBuildFile; fileRef = 98FCA77A1E03CECC0007A27F /* main.m */; };
		98FCA77E1E03CECC0007A27F /* AppDelegate.m in Sources */ = {isa = PBXBuildFile; fileRef = 98FCA77D1E03CECC0007A27F /* AppDelegate.m */; };
		98FCA7811E03CECC0007A27F /* ViewController.m in Sources */ = {isa = PBXBuildFile; fileRef = 98FCA7801E03CECC0007A27F /* ViewController.m */; };
		98FCA7841E03CECC0007A27F /* Main.storyboard in Resources */ = {isa = PBXBuildFile; fileRef = 98FCA7821E03CECC0007A27F /* Main.storyboard */; };
		98FCA7861E03CECC0007A27F /* Assets.xcassets in Resources */ = {isa = PBXBuildFile; fileRef = 98FCA7851E03CECC0007A27F /* Assets.xcassets */; };
		98FCA7891E03CECC0007A27F /* LaunchScreen.storyboard in Resources */ = {isa = PBXBuildFile; fileRef = 98FCA7871E03CECC0007A27F /* LaunchScreen.storyboard */; };
		98FCA7941E03CF640007A27F /* demo.sql in Resources */ = {isa = PBXBuildFile; fileRef = 98FCA7901E03CF640007A27F /* demo.sql */; };
		98FCA7961E03CFAC0007A27F /* QDBValue.m in Sources */ = {isa = PBXBuildFile; fileRef = 98FCA6CB1E0277740007A27F /* QDBValue.m */; };
		98FCA7971E03CFAC0007A27F /* QSQLiteOpenHelper.m in Sources */ = {isa = PBXBuildFile; fileRef = 98FCA6CD1E0277740007A27F /* QSQLiteOpenHelper.m */; };
		98FCA7981E03CFED0007A27F /* libsqlite3.tbd in Frameworks */ = {isa = PBXBuildFile; fileRef = 98FCA72E1E028B380007A27F /* libsqlite3.tbd */; settings = {ATTRIBUTES = (Weak, ); }; };
		98FCA7A91E03D99C0007A27F /* RootTestCase.m in Sources */ = {isa = PBXBuildFile; fileRef = 98FCA7A81E03D99C0007A27F /* RootTestCase.m */; };
		98FCA7AB1E03DA170007A27F /* QSQLiteOpenHelperTests.m in Sources */ = {isa = PBXBuildFile; fileRef = 98FCA7AA1E03DA170007A27F /* QSQLiteOpenHelperTests.m */; };
		98FCA7AE1E04406F0007A27F /* libsqlite3.tbd in Frameworks */ = {isa = PBXBuildFile; fileRef = 98FCA72E1E028B380007A27F /* libsqlite3.tbd */; settings = {ATTRIBUTES = (Weak, ); }; };
		98FCA7E21E06CC3F0007A27F /* sampleSmallImage.png in Resources */ = {isa = PBXBuildFile; fileRef = 98FCA7E01E06CC3F0007A27F /* sampleSmallImage.png */; };
		98FCA7E31E06CC3F0007A27F /* testDB.sql in Resources */ = {isa = PBXBuildFile; fileRef = 98FCA7E11E06CC3F0007A27F /* testDB.sql */; };
/* End PBXBuildFile section */

/* Begin PBXContainerItemProxy section */
		98FCA7A21E03D7EA0007A27F /* PBXContainerItemProxy */ = {
			isa = PBXContainerItemProxy;
			containerPortal = 98FCA6C31E0277260007A27F /* Project object */;
			proxyType = 1;
			remoteGlobalIDString = 98FCA7761E03CECC0007A27F;
			remoteInfo = demo;
		};
/* End PBXContainerItemProxy section */

/* Begin PBXCopyFilesBuildPhase section */
		98FCA71B1E027A100007A27F /* CopyFiles */ = {
			isa = PBXCopyFilesBuildPhase;
			buildActionMask = 2147483647;
			dstPath = "include/$(PRODUCT_NAME)";
			dstSubfolderSpec = 16;
			files = (
				98FCA7221E027A100007A27F /* staticLibrary.h in CopyFiles */,
			);
			runOnlyForDeploymentPostprocessing = 0;
		};
/* End PBXCopyFilesBuildPhase section */

/* Begin PBXFileReference section */
		98FCA6CA1E0277740007A27F /* QDBValue.h */ = {isa = PBXFileReference; lastKnownFileType = sourcecode.c.h; path = QDBValue.h; sourceTree = "<group>"; };
		98FCA6CB1E0277740007A27F /* QDBValue.m */ = {isa = PBXFileReference; lastKnownFileType = sourcecode.c.objc; path = QDBValue.m; sourceTree = "<group>"; };
		98FCA6CC1E0277740007A27F /* QSQLiteOpenHelper.h */ = {isa = PBXFileReference; lastKnownFileType = sourcecode.c.h; path = QSQLiteOpenHelper.h; sourceTree = "<group>"; };
		98FCA6CD1E0277740007A27F /* QSQLiteOpenHelper.m */ = {isa = PBXFileReference; lastKnownFileType = sourcecode.c.objc; path = QSQLiteOpenHelper.m; sourceTree = "<group>"; };
		98FCA7101E0279DB0007A27F /* QuickSQLite.framework */ = {isa = PBXFileReference; explicitFileType = wrapper.framework; includeInIndex = 0; path = QuickSQLite.framework; sourceTree = BUILT_PRODUCTS_DIR; };
		98FCA7121E0279DB0007A27F /* QuickSQLite.h */ = {isa = PBXFileReference; lastKnownFileType = sourcecode.c.h; path = QuickSQLite.h; sourceTree = "<group>"; };
		98FCA7131E0279DB0007A27F /* Info.plist */ = {isa = PBXFileReference; lastKnownFileType = text.plist.xml; path = Info.plist; sourceTree = "<group>"; };
		98FCA71D1E027A100007A27F /* libstaticLibrary.a */ = {isa = PBXFileReference; explicitFileType = archive.ar; includeInIndex = 0; path = libstaticLibrary.a; sourceTree = BUILT_PRODUCTS_DIR; };
		98FCA71F1E027A100007A27F /* staticLibrary.h */ = {isa = PBXFileReference; lastKnownFileType = sourcecode.c.h; path = staticLibrary.h; sourceTree = "<group>"; };
		98FCA7201E027A100007A27F /* staticLibrary.m */ = {isa = PBXFileReference; lastKnownFileType = sourcecode.c.objc; path = staticLibrary.m; sourceTree = "<group>"; };
		98FCA72E1E028B380007A27F /* libsqlite3.tbd */ = {isa = PBXFileReference; lastKnownFileType = "sourcecode.text-based-dylib-definition"; name = libsqlite3.tbd; path = Platforms/iPhoneOS.platform/Developer/SDKs/iPhoneOS10.1.sdk/usr/lib/libsqlite3.tbd; sourceTree = DEVELOPER_DIR; };
		98FCA7301E02A25C0007A27F /* QSQLite.h */ = {isa = PBXFileReference; fileEncoding = 4; lastKnownFileType = sourcecode.c.h; path = QSQLite.h; sourceTree = "<group>"; };
		98FCA7771E03CECC0007A27F /* demo.app */ = {isa = PBXFileReference; explicitFileType = wrapper.application; includeInIndex = 0; path = demo.app; sourceTree = BUILT_PRODUCTS_DIR; };
		98FCA77A1E03CECC0007A27F /* main.m */ = {isa = PBXFileReference; lastKnownFileType = sourcecode.c.objc; path = main.m; sourceTree = "<group>"; };
		98FCA77C1E03CECC0007A27F /* AppDelegate.h */ = {isa = PBXFileReference; lastKnownFileType = sourcecode.c.h; path = AppDelegate.h; sourceTree = "<group>"; };
		98FCA77D1E03CECC0007A27F /* AppDelegate.m */ = {isa = PBXFileReference; lastKnownFileType = sourcecode.c.objc; path = AppDelegate.m; sourceTree = "<group>"; };
		98FCA77F1E03CECC0007A27F /* ViewController.h */ = {isa = PBXFileReference; lastKnownFileType = sourcecode.c.h; path = ViewController.h; sourceTree = "<group>"; };
		98FCA7801E03CECC0007A27F /* ViewController.m */ = {isa = PBXFileReference; lastKnownFileType = sourcecode.c.objc; path = ViewController.m; sourceTree = "<group>"; };
		98FCA7831E03CECC0007A27F /* Base */ = {isa = PBXFileReference; lastKnownFileType = file.storyboard; name = Base; path = Base.lproj/Main.storyboard; sourceTree = "<group>"; };
		98FCA7851E03CECC0007A27F /* Assets.xcassets */ = {isa = PBXFileReference; lastKnownFileType = folder.assetcatalog; path = Assets.xcassets; sourceTree = "<group>"; };
		98FCA7881E03CECC0007A27F /* Base */ = {isa = PBXFileReference; lastKnownFileType = file.storyboard; name = Base; path = Base.lproj/LaunchScreen.storyboard; sourceTree = "<group>"; };
		98FCA78A1E03CECC0007A27F /* Info.plist */ = {isa = PBXFileReference; lastKnownFileType = text.plist.xml; path = Info.plist; sourceTree = "<group>"; };
		98FCA7901E03CF640007A27F /* demo.sql */ = {isa = PBXFileReference; lastKnownFileType = file; path = demo.sql; sourceTree = "<group>"; };
		98FCA79D1E03D7E90007A27F /* demoTests.xctest */ = {isa = PBXFileReference; explicitFileType = wrapper.cfbundle; includeInIndex = 0; path = demoTests.xctest; sourceTree = BUILT_PRODUCTS_DIR; };
		98FCA7A11E03D7EA0007A27F /* Info.plist */ = {isa = PBXFileReference; lastKnownFileType = text.plist.xml; path = Info.plist; sourceTree = "<group>"; };
		98FCA7A71E03D99C0007A27F /* RootTestCase.h */ = {isa = PBXFileReference; fileEncoding = 4; lastKnownFileType = sourcecode.c.h; path = RootTestCase.h; sourceTree = "<group>"; };
		98FCA7A81E03D99C0007A27F /* RootTestCase.m */ = {isa = PBXFileReference; fileEncoding = 4; lastKnownFileType = sourcecode.c.objc; path = RootTestCase.m; sourceTree = "<group>"; };
		98FCA7AA1E03DA170007A27F /* QSQLiteOpenHelperTests.m */ = {isa = PBXFileReference; fileEncoding = 4; lastKnownFileType = sourcecode.c.objc; path = QSQLiteOpenHelperTests.m; sourceTree = "<group>"; };
		98FCA7E01E06CC3F0007A27F /* sampleSmallImage.png */ = {isa = PBXFileReference; lastKnownFileType = image.png; path = sampleSmallImage.png; sourceTree = "<group>"; };
		98FCA7E11E06CC3F0007A27F /* testDB.sql */ = {isa = PBXFileReference; lastKnownFileType = file; path = testDB.sql; sourceTree = "<group>"; };
/* End PBXFileReference section */

/* Begin PBXFrameworksBuildPhase section */
		98FCA70C1E0279DB0007A27F /* Frameworks */ = {
			isa = PBXFrameworksBuildPhase;
			buildActionMask = 2147483647;
			files = (
			);
			runOnlyForDeploymentPostprocessing = 0;
		};
		98FCA71A1E027A100007A27F /* Frameworks */ = {
			isa = PBXFrameworksBuildPhase;
			buildActionMask = 2147483647;
			files = (
			);
			runOnlyForDeploymentPostprocessing = 0;
		};
		98FCA7741E03CECC0007A27F /* Frameworks */ = {
			isa = PBXFrameworksBuildPhase;
			buildActionMask = 2147483647;
			files = (
				98FCA7981E03CFED0007A27F /* libsqlite3.tbd in Frameworks */,
			);
			runOnlyForDeploymentPostprocessing = 0;
		};
		98FCA79A1E03D7E90007A27F /* Frameworks */ = {
			isa = PBXFrameworksBuildPhase;
			buildActionMask = 2147483647;
			files = (
				98FCA7AE1E04406F0007A27F /* libsqlite3.tbd in Frameworks */,
			);
			runOnlyForDeploymentPostprocessing = 0;
		};
/* End PBXFrameworksBuildPhase section */

/* Begin PBXGroup section */
		98FCA6C21E0277260007A27F = {
			isa = PBXGroup;
			children = (
				98FCA6C91E0277740007A27F /* source */,
				98FCA7111E0279DB0007A27F /* framework */,
				98FCA71E1E027A100007A27F /* staticLibrary */,
				98FCA7781E03CECC0007A27F /* demo */,
				98FCA79E1E03D7EA0007A27F /* demoTests */,
				98FCA6D41E0277AF0007A27F /* Products */,
				98FCA72D1E028B380007A27F /* Frameworks */,
			);
			sourceTree = "<group>";
		};
		98FCA6C91E0277740007A27F /* source */ = {
			isa = PBXGroup;
			children = (
				98FCA6CA1E0277740007A27F /* QDBValue.h */,
				98FCA6CB1E0277740007A27F /* QDBValue.m */,
				98FCA6CC1E0277740007A27F /* QSQLiteOpenHelper.h */,
				98FCA6CD1E0277740007A27F /* QSQLiteOpenHelper.m */,
				98FCA7301E02A25C0007A27F /* QSQLite.h */,
			);
			path = source;
			sourceTree = "<group>";
		};
		98FCA6D41E0277AF0007A27F /* Products */ = {
			isa = PBXGroup;
			children = (
				98FCA7101E0279DB0007A27F /* QuickSQLite.framework */,
				98FCA71D1E027A100007A27F /* libstaticLibrary.a */,
				98FCA7771E03CECC0007A27F /* demo.app */,
				98FCA79D1E03D7E90007A27F /* demoTests.xctest */,
			);
			name = Products;
			sourceTree = "<group>";
		};
		98FCA7111E0279DB0007A27F /* framework */ = {
			isa = PBXGroup;
			children = (
				98FCA7121E0279DB0007A27F /* QuickSQLite.h */,
				98FCA7131E0279DB0007A27F /* Info.plist */,
			);
			path = framework;
			sourceTree = "<group>";
		};
		98FCA71E1E027A100007A27F /* staticLibrary */ = {
			isa = PBXGroup;
			children = (
				98FCA71F1E027A100007A27F /* staticLibrary.h */,
				98FCA7201E027A100007A27F /* staticLibrary.m */,
			);
			path = staticLibrary;
			sourceTree = "<group>";
		};
		98FCA72D1E028B380007A27F /* Frameworks */ = {
			isa = PBXGroup;
			children = (
				98FCA72E1E028B380007A27F /* libsqlite3.tbd */,
			);
			name = Frameworks;
			sourceTree = "<group>";
		};
		98FCA7781E03CECC0007A27F /* demo */ = {
			isa = PBXGroup;
			children = (
				98FCA7901E03CF640007A27F /* demo.sql */,
				98FCA77C1E03CECC0007A27F /* AppDelegate.h */,
				98FCA77D1E03CECC0007A27F /* AppDelegate.m */,
				98FCA77F1E03CECC0007A27F /* ViewController.h */,
				98FCA7801E03CECC0007A27F /* ViewController.m */,
				98FCA7821E03CECC0007A27F /* Main.storyboard */,
				98FCA7851E03CECC0007A27F /* Assets.xcassets */,
				98FCA7871E03CECC0007A27F /* LaunchScreen.storyboard */,
				98FCA78A1E03CECC0007A27F /* Info.plist */,
				98FCA7791E03CECC0007A27F /* Supporting Files */,
			);
			path = demo;
			sourceTree = "<group>";
		};
		98FCA7791E03CECC0007A27F /* Supporting Files */ = {
			isa = PBXGroup;
			children = (
				98FCA77A1E03CECC0007A27F /* main.m */,
			);
			name = "Supporting Files";
			sourceTree = "<group>";
		};
		98FCA79E1E03D7EA0007A27F /* demoTests */ = {
			isa = PBXGroup;
			children = (
				98FCA7DF1E06CC3F0007A27F /* resources */,
				98FCA7A71E03D99C0007A27F /* RootTestCase.h */,
				98FCA7A81E03D99C0007A27F /* RootTestCase.m */,
				98FCA7A11E03D7EA0007A27F /* Info.plist */,
				98FCA7AA1E03DA170007A27F /* QSQLiteOpenHelperTests.m */,
			);
			path = demoTests;
			sourceTree = "<group>";
		};
		98FCA7DF1E06CC3F0007A27F /* resources */ = {
			isa = PBXGroup;
			children = (
				98FCA7E01E06CC3F0007A27F /* sampleSmallImage.png */,
				98FCA7E11E06CC3F0007A27F /* testDB.sql */,
			);
			path = resources;
			sourceTree = "<group>";
		};
/* End PBXGroup section */

/* Begin PBXHeadersBuildPhase section */
		98FCA70D1E0279DB0007A27F /* Headers */ = {
			isa = PBXHeadersBuildPhase;
			buildActionMask = 2147483647;
			files = (
				98FCA7291E028ADF0007A27F /* QSQLiteOpenHelper.h in Headers */,
				98FCA7271E028ADF0007A27F /* QDBValue.h in Headers */,
				98FCA7621E03B5B30007A27F /* QuickSQLite.h in Headers */,
				98FCA7311E02A25C0007A27F /* QSQLite.h in Headers */,
			);
			runOnlyForDeploymentPostprocessing = 0;
		};
/* End PBXHeadersBuildPhase section */

/* Begin PBXNativeTarget section */
		98FCA70F1E0279DB0007A27F /* framework */ = {
			isa = PBXNativeTarget;
			buildConfigurationList = 98FCA7151E0279DB0007A27F /* Build configuration list for PBXNativeTarget "framework" */;
			buildPhases = (
				98FCA70B1E0279DB0007A27F /* Sources */,
				98FCA70C1E0279DB0007A27F /* Frameworks */,
				98FCA70D1E0279DB0007A27F /* Headers */,
				98FCA70E1E0279DB0007A27F /* Resources */,
				98FCA7181E0279E90007A27F /* ShellScript */,
			);
			buildRules = (
			);
			dependencies = (
			);
			name = framework;
			productName = framework;
			productReference = 98FCA7101E0279DB0007A27F /* QuickSQLite.framework */;
			productType = "com.apple.product-type.framework";
		};
		98FCA71C1E027A100007A27F /* staticLibrary */ = {
			isa = PBXNativeTarget;
			buildConfigurationList = 98FCA7231E027A100007A27F /* Build configuration list for PBXNativeTarget "staticLibrary" */;
			buildPhases = (
				98FCA7191E027A100007A27F /* Sources */,
				98FCA71A1E027A100007A27F /* Frameworks */,
				98FCA71B1E027A100007A27F /* CopyFiles */,
				98FCA7261E0288CE0007A27F /* ShellScript */,
			);
			buildRules = (
			);
			dependencies = (
			);
			name = staticLibrary;
			productName = staticLibrary;
			productReference = 98FCA71D1E027A100007A27F /* libstaticLibrary.a */;
			productType = "com.apple.product-type.library.static";
		};
		98FCA7761E03CECC0007A27F /* demo */ = {
			isa = PBXNativeTarget;
			buildConfigurationList = 98FCA78B1E03CECC0007A27F /* Build configuration list for PBXNativeTarget "demo" */;
			buildPhases = (
				98FCA7731E03CECC0007A27F /* Sources */,
				98FCA7741E03CECC0007A27F /* Frameworks */,
				98FCA7751E03CECC0007A27F /* Resources */,
			);
			buildRules = (
			);
			dependencies = (
			);
			name = demo;
			productName = demo;
			productReference = 98FCA7771E03CECC0007A27F /* demo.app */;
			productType = "com.apple.product-type.application";
		};
		98FCA79C1E03D7E90007A27F /* demoTests */ = {
			isa = PBXNativeTarget;
			buildConfigurationList = 98FCA7A41E03D7EA0007A27F /* Build configuration list for PBXNativeTarget "demoTests" */;
			buildPhases = (
				98FCA7991E03D7E90007A27F /* Sources */,
				98FCA79A1E03D7E90007A27F /* Frameworks */,
				98FCA79B1E03D7E90007A27F /* Resources */,
			);
			buildRules = (
			);
			dependencies = (
				98FCA7A31E03D7EA0007A27F /* PBXTargetDependency */,
			);
			name = demoTests;
			productName = demoTests;
			productReference = 98FCA79D1E03D7E90007A27F /* demoTests.xctest */;
			productType = "com.apple.product-type.bundle.unit-test";
		};
/* End PBXNativeTarget section */

/* Begin PBXProject section */
		98FCA6C31E0277260007A27F /* Project object */ = {
			isa = PBXProject;
			attributes = {
				LastUpgradeCheck = 0810;
				TargetAttributes = {
					98FCA70F1E0279DB0007A27F = {
						CreatedOnToolsVersion = 8.1;
						ProvisioningStyle = Manual;
					};
					98FCA71C1E027A100007A27F = {
						CreatedOnToolsVersion = 8.1;
						ProvisioningStyle = Automatic;
					};
					98FCA7761E03CECC0007A27F = {
						CreatedOnToolsVersion = 8.1;
						DevelopmentTeam = 4TF6TS28RE;
						ProvisioningStyle = Automatic;
					};
					98FCA79C1E03D7E90007A27F = {
						CreatedOnToolsVersion = 8.1;
						DevelopmentTeam = 4TF6TS28RE;
						ProvisioningStyle = Automatic;
						TestTargetID = 98FCA7761E03CECC0007A27F;
					};
				};
			};
			buildConfigurationList = 98FCA6C61E0277260007A27F /* Build configuration list for PBXProject "QuickSQLite" */;
			compatibilityVersion = "Xcode 3.2";
			developmentRegion = English;
			hasScannedForEncodings = 0;
			knownRegions = (
				en,
				Base,
			);
			mainGroup = 98FCA6C21E0277260007A27F;
			productRefGroup = 98FCA6D41E0277AF0007A27F /* Products */;
			projectDirPath = "";
			projectRoot = "";
			targets = (
				98FCA70F1E0279DB0007A27F /* framework */,
				98FCA71C1E027A100007A27F /* staticLibrary */,
				98FCA7761E03CECC0007A27F /* demo */,
				98FCA79C1E03D7E90007A27F /* demoTests */,
			);
		};
/* End PBXProject section */

/* Begin PBXResourcesBuildPhase section */
		98FCA70E1E0279DB0007A27F /* Resources */ = {
			isa = PBXResourcesBuildPhase;
			buildActionMask = 2147483647;
			files = (
			);
			runOnlyForDeploymentPostprocessing = 0;
		};
		98FCA7751E03CECC0007A27F /* Resources */ = {
			isa = PBXResourcesBuildPhase;
			buildActionMask = 2147483647;
			files = (
				98FCA7891E03CECC0007A27F /* LaunchScreen.storyboard in Resources */,
				98FCA7861E03CECC0007A27F /* Assets.xcassets in Resources */,
				98FCA7841E03CECC0007A27F /* Main.storyboard in Resources */,
				98FCA7941E03CF640007A27F /* demo.sql in Resources */,
			);
			runOnlyForDeploymentPostprocessing = 0;
		};
		98FCA79B1E03D7E90007A27F /* Resources */ = {
			isa = PBXResourcesBuildPhase;
			buildActionMask = 2147483647;
			files = (
				98FCA7E31E06CC3F0007A27F /* testDB.sql in Resources */,
				98FCA7E21E06CC3F0007A27F /* sampleSmallImage.png in Resources */,
			);
			runOnlyForDeploymentPostprocessing = 0;
		};
/* End PBXResourcesBuildPhase section */

/* Begin PBXShellScriptBuildPhase section */
		98FCA7181E0279E90007A27F /* ShellScript */ = {
			isa = PBXShellScriptBuildPhase;
			buildActionMask = 12;
			files = (
			);
			inputPaths = (
			);
			outputPaths = (
				"${UNIVERSAL_OUTPUT_PATH}/${PROJECT_NAME}.framework",
			);
			runOnlyForDeploymentPostprocessing = 0;
			shellPath = /bin/sh;
			shellScript = "UNIVERSAL_OUTPUT_PATH=${BUILD_DIR}/${CONFIGURATION}-universal\nUNIVERSAL_FRAMEWORK=${UNIVERSAL_OUTPUT_PATH}/${PRODUCT_NAME}.framework\nIPHONE_FRAMEWORK=${BUILD_DIR}/${CONFIGURATION}-iphoneos/${PRODUCT_NAME}.framework\nSIMULATOR_FRAMEWORK=${BUILD_DIR}/${CONFIGURATION}-iphonesimulator/${PRODUCT_NAME}.framework\n\nrm -rf ${UNIVERSAL_FRAMEWORK}\nmkdir -p ${UNIVERSAL_OUTPUT_PATH}\n\nif [ -d ${IPHONE_FRAMEWORK} ] && [ -d ${SIMULATOR_FRAMEWORK} ]; then\ncp -r ${IPHONE_FRAMEWORK} ${UNIVERSAL_FRAMEWORK}\nlipo -create ${IPHONE_FRAMEWORK}/${PRODUCT_NAME} ${SIMULATOR_FRAMEWORK}/${PRODUCT_NAME} -output ${UNIVERSAL_FRAMEWORK}/${PRODUCT_NAME}\necho \"Product information: \"\nlipo -info ${UNIVERSAL_FRAMEWORK}/${PRODUCT_NAME}\nelse\necho \"error: Both simulator and ios products are required.\"\necho \"Universal product is not produced.\"\nfi";
		};
		98FCA7261E0288CE0007A27F /* ShellScript */ = {
			isa = PBXShellScriptBuildPhase;
			buildActionMask = 2147483647;
			files = (
			);
			inputPaths = (
			);
			outputPaths = (
			);
			runOnlyForDeploymentPostprocessing = 0;
			shellPath = /bin/sh;
			shellScript = "UNIVERSAL_OUTPUT_PATH=${BUILD_DIR}/${CONFIGURATION}-universal\nIPHONE_LIB_PATH=${BUILD_DIR}/${CONFIGURATION}-iphoneos\nSIMULATOR_LIB_PATH=${BUILD_DIR}/${CONFIGURATION}-iphonesimulator\nIPHONE_LIB=${IPHONE_LIB_PATH}/lib${PRODUCT_NAME}.a\nSIMULATOR_LIB=${SIMULATOR_LIB_PATH}/lib${PRODUCT_NAME}.a\n\n\nrm -rf ${UNIVERSAL_OUTPUT_PATH}/*.a\nrm -rf ${UNIVERSAL_OUTPUT_PATH}/include\n                                \nmkdir -p ${UNIVERSAL_OUTPUT_PATH}\n                                \nif [ -f ${IPHONE_LIB} ] && [ -f ${SIMULATOR_LIB} ] && [ -d ${IPHONE_LIB_PATH}/include ]; then\n    cp -r ${IPHONE_LIB_PATH}/include ${UNIVERSAL_OUTPUT_PATH}/include\n    lipo -create ${IPHONE_LIB} ${SIMULATOR_LIB} -output ${UNIVERSAL_OUTPUT_PATH}/lib${PROJECT_NAME}.a\n    echo \"Product information: \"\n    lipo -info ${UNIVERSAL_OUTPUT_PATH}/lib${PROJECT_NAME}.a\nelse\n    echo \"Both simulator and ios products are required.\"\n    echo \"Universal product is not produced.\"\nfi";
		};
/* End PBXShellScriptBuildPhase section */

/* Begin PBXSourcesBuildPhase section */
		98FCA70B1E0279DB0007A27F /* Sources */ = {
			isa = PBXSourcesBuildPhase;
			buildActionMask = 2147483647;
			files = (
				98FCA7281E028ADF0007A27F /* QDBValue.m in Sources */,
				98FCA72A1E028ADF0007A27F /* QSQLiteOpenHelper.m in Sources */,
			);
			runOnlyForDeploymentPostprocessing = 0;
		};
		98FCA7191E027A100007A27F /* Sources */ = {
			isa = PBXSourcesBuildPhase;
			buildActionMask = 2147483647;
			files = (
				98FCA72C1E028AE80007A27F /* QSQLiteOpenHelper.m in Sources */,
				98FCA7211E027A100007A27F /* staticLibrary.m in Sources */,
				98FCA72B1E028AE80007A27F /* QDBValue.m in Sources */,
			);
			runOnlyForDeploymentPostprocessing = 0;
		};
		98FCA7731E03CECC0007A27F /* Sources */ = {
			isa = PBXSourcesBuildPhase;
			buildActionMask = 2147483647;
			files = (
				98FCA7961E03CFAC0007A27F /* QDBValue.m in Sources */,
				98FCA7811E03CECC0007A27F /* ViewController.m in Sources */,
				98FCA77E1E03CECC0007A27F /* AppDelegate.m in Sources */,
				98FCA7971E03CFAC0007A27F /* QSQLiteOpenHelper.m in Sources */,
				98FCA77B1E03CECC0007A27F /* main.m in Sources */,
			);
			runOnlyForDeploymentPostprocessing = 0;
		};
		98FCA7991E03D7E90007A27F /* Sources */ = {
			isa = PBXSourcesBuildPhase;
			buildActionMask = 2147483647;
			files = (
				98FCA7AB1E03DA170007A27F /* QSQLiteOpenHelperTests.m in Sources */,
				98FCA7A91E03D99C0007A27F /* RootTestCase.m in Sources */,
			);
			runOnlyForDeploymentPostprocessing = 0;
		};
/* End PBXSourcesBuildPhase section */

/* Begin PBXTargetDependency section */
		98FCA7A31E03D7EA0007A27F /* PBXTargetDependency */ = {
			isa = PBXTargetDependency;
			target = 98FCA7761E03CECC0007A27F /* demo */;
			targetProxy = 98FCA7A21E03D7EA0007A27F /* PBXContainerItemProxy */;
		};
/* End PBXTargetDependency section */

/* Begin PBXVariantGroup section */
		98FCA7821E03CECC0007A27F /* Main.storyboard */ = {
			isa = PBXVariantGroup;
			children = (
				98FCA7831E03CECC0007A27F /* Base */,
			);
			name = Main.storyboard;
			sourceTree = "<group>";
		};
		98FCA7871E03CECC0007A27F /* LaunchScreen.storyboard */ = {
			isa = PBXVariantGroup;
			children = (
				98FCA7881E03CECC0007A27F /* Base */,
			);
			name = LaunchScreen.storyboard;
			sourceTree = "<group>";
		};
/* End PBXVariantGroup section */

/* Begin XCBuildConfiguration section */
		98FCA6C71E0277260007A27F /* Debug */ = {
			isa = XCBuildConfiguration;
			buildSettings = {
			};
			name = Debug;
		};
		98FCA6C81E0277260007A27F /* Release */ = {
			isa = XCBuildConfiguration;
			buildSettings = {
			};
			name = Release;
		};
		98FCA7161E0279DB0007A27F /* Debug */ = {
			isa = XCBuildConfiguration;
			buildSettings = {
				ALWAYS_SEARCH_USER_PATHS = NO;
				CLANG_ANALYZER_NONNULL = YES;
				CLANG_CXX_LANGUAGE_STANDARD = "gnu++0x";
				CLANG_CXX_LIBRARY = "libc++";
				CLANG_ENABLE_MODULES = YES;
				CLANG_ENABLE_OBJC_ARC = YES;
				CLANG_WARN_BOOL_CONVERSION = YES;
				CLANG_WARN_CONSTANT_CONVERSION = YES;
				CLANG_WARN_DIRECT_OBJC_ISA_USAGE = YES_ERROR;
				CLANG_WARN_DOCUMENTATION_COMMENTS = YES;
				CLANG_WARN_EMPTY_BODY = YES;
				CLANG_WARN_ENUM_CONVERSION = YES;
				CLANG_WARN_INFINITE_RECURSION = YES;
				CLANG_WARN_INT_CONVERSION = YES;
				CLANG_WARN_OBJC_ROOT_CLASS = YES_ERROR;
				CLANG_WARN_SUSPICIOUS_MOVES = YES;
				CLANG_WARN_UNREACHABLE_CODE = YES;
				CLANG_WARN__DUPLICATE_METHOD_MATCH = YES;
				CODE_SIGN_IDENTITY = "";
				"CODE_SIGN_IDENTITY[sdk=iphoneos*]" = "iPhone Developer";
				COPY_PHASE_STRIP = NO;
				CURRENT_PROJECT_VERSION = 1;
				DEAD_CODE_STRIPPING = NO;
				DEBUG_INFORMATION_FORMAT = dwarf;
				DEFINES_MODULE = YES;
				DEVELOPMENT_TEAM = "";
				DYLIB_COMPATIBILITY_VERSION = 1;
				DYLIB_CURRENT_VERSION = 1;
				DYLIB_INSTALL_NAME_BASE = "@rpath";
				ENABLE_STRICT_OBJC_MSGSEND = YES;
				ENABLE_TESTABILITY = YES;
				GCC_C_LANGUAGE_STANDARD = gnu99;
				GCC_DYNAMIC_NO_PIC = NO;
				GCC_NO_COMMON_BLOCKS = YES;
				GCC_OPTIMIZATION_LEVEL = 0;
				GCC_PREPROCESSOR_DEFINITIONS = (
					"DEBUG=1",
					"$(inherited)",
				);
				GCC_WARN_64_TO_32_BIT_CONVERSION = YES;
				GCC_WARN_ABOUT_RETURN_TYPE = YES_ERROR;
				GCC_WARN_UNDECLARED_SELECTOR = YES;
				GCC_WARN_UNINITIALIZED_AUTOS = YES_AGGRESSIVE;
				GCC_WARN_UNUSED_FUNCTION = YES;
				GCC_WARN_UNUSED_VARIABLE = YES;
				INFOPLIST_FILE = framework/Info.plist;
				INSTALL_PATH = "$(LOCAL_LIBRARY_DIR)/Frameworks";
				IPHONEOS_DEPLOYMENT_TARGET = 7.0;
				LD_RUNPATH_SEARCH_PATHS = "$(inherited) @executable_path/Frameworks @loader_path/Frameworks";
				MACH_O_TYPE = staticlib;
				MTL_ENABLE_DEBUG_INFO = YES;
				ONLY_ACTIVE_ARCH = NO;
				PRODUCT_BUNDLE_IDENTIFIER = quickSQLite.framework;
				PRODUCT_MODULE_NAME = "$(PROJECT_NAME)";
				PRODUCT_NAME = "$(PROJECT_NAME)";
				SDKROOT = iphoneos;
				SKIP_INSTALL = YES;
				TARGETED_DEVICE_FAMILY = "1,2";
				VERSIONING_SYSTEM = "apple-generic";
				VERSION_INFO_PREFIX = "";
			};
			name = Debug;
		};
		98FCA7171E0279DB0007A27F /* Release */ = {
			isa = XCBuildConfiguration;
			buildSettings = {
				ALWAYS_SEARCH_USER_PATHS = NO;
				CLANG_ANALYZER_NONNULL = YES;
				CLANG_CXX_LANGUAGE_STANDARD = "gnu++0x";
				CLANG_CXX_LIBRARY = "libc++";
				CLANG_ENABLE_MODULES = YES;
				CLANG_ENABLE_OBJC_ARC = YES;
				CLANG_WARN_BOOL_CONVERSION = YES;
				CLANG_WARN_CONSTANT_CONVERSION = YES;
				CLANG_WARN_DIRECT_OBJC_ISA_USAGE = YES_ERROR;
				CLANG_WARN_DOCUMENTATION_COMMENTS = YES;
				CLANG_WARN_EMPTY_BODY = YES;
				CLANG_WARN_ENUM_CONVERSION = YES;
				CLANG_WARN_INFINITE_RECURSION = YES;
				CLANG_WARN_INT_CONVERSION = YES;
				CLANG_WARN_OBJC_ROOT_CLASS = YES_ERROR;
				CLANG_WARN_SUSPICIOUS_MOVES = YES;
				CLANG_WARN_UNREACHABLE_CODE = YES;
				CLANG_WARN__DUPLICATE_METHOD_MATCH = YES;
				CODE_SIGN_IDENTITY = "";
				"CODE_SIGN_IDENTITY[sdk=iphoneos*]" = "iPhone Developer";
				COPY_PHASE_STRIP = NO;
				CURRENT_PROJECT_VERSION = 1;
				DEAD_CODE_STRIPPING = NO;
				DEBUG_INFORMATION_FORMAT = "dwarf-with-dsym";
				DEFINES_MODULE = YES;
				DEVELOPMENT_TEAM = "";
				DYLIB_COMPATIBILITY_VERSION = 1;
				DYLIB_CURRENT_VERSION = 1;
				DYLIB_INSTALL_NAME_BASE = "@rpath";
				ENABLE_NS_ASSERTIONS = NO;
				ENABLE_STRICT_OBJC_MSGSEND = YES;
				GCC_C_LANGUAGE_STANDARD = gnu99;
				GCC_NO_COMMON_BLOCKS = YES;
				GCC_WARN_64_TO_32_BIT_CONVERSION = YES;
				GCC_WARN_ABOUT_RETURN_TYPE = YES_ERROR;
				GCC_WARN_UNDECLARED_SELECTOR = YES;
				GCC_WARN_UNINITIALIZED_AUTOS = YES_AGGRESSIVE;
				GCC_WARN_UNUSED_FUNCTION = YES;
				GCC_WARN_UNUSED_VARIABLE = YES;
				INFOPLIST_FILE = framework/Info.plist;
				INSTALL_PATH = "$(LOCAL_LIBRARY_DIR)/Frameworks";
				IPHONEOS_DEPLOYMENT_TARGET = 7.0;
				LD_RUNPATH_SEARCH_PATHS = "$(inherited) @executable_path/Frameworks @loader_path/Frameworks";
				MACH_O_TYPE = staticlib;
				MTL_ENABLE_DEBUG_INFO = NO;
				ONLY_ACTIVE_ARCH = NO;
				PRODUCT_BUNDLE_IDENTIFIER = quickSQLite.framework;
				PRODUCT_MODULE_NAME = "$(PROJECT_NAME)";
				PRODUCT_NAME = "$(PROJECT_NAME)";
				SDKROOT = iphoneos;
				SKIP_INSTALL = YES;
				TARGETED_DEVICE_FAMILY = "1,2";
				VALIDATE_PRODUCT = YES;
				VERSIONING_SYSTEM = "apple-generic";
				VERSION_INFO_PREFIX = "";
			};
			name = Release;
		};
		98FCA7241E027A100007A27F /* Debug */ = {
			isa = XCBuildConfiguration;
			buildSettings = {
				ALWAYS_SEARCH_USER_PATHS = NO;
				CLANG_ANALYZER_NONNULL = YES;
				CLANG_CXX_LANGUAGE_STANDARD = "gnu++0x";
				CLANG_CXX_LIBRARY = "libc++";
				CLANG_ENABLE_MODULES = YES;
				CLANG_ENABLE_OBJC_ARC = YES;
				CLANG_WARN_BOOL_CONVERSION = YES;
				CLANG_WARN_CONSTANT_CONVERSION = YES;
				CLANG_WARN_DIRECT_OBJC_ISA_USAGE = YES_ERROR;
				CLANG_WARN_DOCUMENTATION_COMMENTS = YES;
				CLANG_WARN_EMPTY_BODY = YES;
				CLANG_WARN_ENUM_CONVERSION = YES;
				CLANG_WARN_INFINITE_RECURSION = YES;
				CLANG_WARN_INT_CONVERSION = YES;
				CLANG_WARN_OBJC_ROOT_CLASS = YES_ERROR;
				CLANG_WARN_SUSPICIOUS_MOVES = YES;
				CLANG_WARN_UNREACHABLE_CODE = YES;
				CLANG_WARN__DUPLICATE_METHOD_MATCH = YES;
				"CODE_SIGN_IDENTITY[sdk=iphoneos*]" = "iPhone Developer";
				COPY_PHASE_STRIP = NO;
				DEAD_CODE_STRIPPING = NO;
				DEBUG_INFORMATION_FORMAT = dwarf;
				DEFINES_MODULE = YES;
				ENABLE_STRICT_OBJC_MSGSEND = YES;
				ENABLE_TESTABILITY = YES;
				GCC_C_LANGUAGE_STANDARD = gnu99;
				GCC_DYNAMIC_NO_PIC = NO;
				GCC_NO_COMMON_BLOCKS = YES;
				GCC_OPTIMIZATION_LEVEL = 0;
				GCC_PREPROCESSOR_DEFINITIONS = (
					"DEBUG=1",
					"$(inherited)",
				);
				GCC_WARN_64_TO_32_BIT_CONVERSION = YES;
				GCC_WARN_ABOUT_RETURN_TYPE = YES_ERROR;
				GCC_WARN_UNDECLARED_SELECTOR = YES;
				GCC_WARN_UNINITIALIZED_AUTOS = YES_AGGRESSIVE;
				GCC_WARN_UNUSED_FUNCTION = YES;
				GCC_WARN_UNUSED_VARIABLE = YES;
				IPHONEOS_DEPLOYMENT_TARGET = 8.0;
				MODULEMAP_FILE = "";
				MTL_ENABLE_DEBUG_INFO = YES;
				ONLY_ACTIVE_ARCH = NO;
				OTHER_LDFLAGS = "-ObjC";
				PRODUCT_NAME = "$(TARGET_NAME)";
				SDKROOT = iphoneos;
				SKIP_INSTALL = YES;
			};
			name = Debug;
		};
		98FCA7251E027A100007A27F /* Release */ = {
			isa = XCBuildConfiguration;
			buildSettings = {
				ALWAYS_SEARCH_USER_PATHS = NO;
				CLANG_ANALYZER_NONNULL = YES;
				CLANG_CXX_LANGUAGE_STANDARD = "gnu++0x";
				CLANG_CXX_LIBRARY = "libc++";
				CLANG_ENABLE_MODULES = YES;
				CLANG_ENABLE_OBJC_ARC = YES;
				CLANG_WARN_BOOL_CONVERSION = YES;
				CLANG_WARN_CONSTANT_CONVERSION = YES;
				CLANG_WARN_DIRECT_OBJC_ISA_USAGE = YES_ERROR;
				CLANG_WARN_DOCUMENTATION_COMMENTS = YES;
				CLANG_WARN_EMPTY_BODY = YES;
				CLANG_WARN_ENUM_CONVERSION = YES;
				CLANG_WARN_INFINITE_RECURSION = YES;
				CLANG_WARN_INT_CONVERSION = YES;
				CLANG_WARN_OBJC_ROOT_CLASS = YES_ERROR;
				CLANG_WARN_SUSPICIOUS_MOVES = YES;
				CLANG_WARN_UNREACHABLE_CODE = YES;
				CLANG_WARN__DUPLICATE_METHOD_MATCH = YES;
				"CODE_SIGN_IDENTITY[sdk=iphoneos*]" = "iPhone Developer";
				COPY_PHASE_STRIP = NO;
				DEAD_CODE_STRIPPING = NO;
				DEBUG_INFORMATION_FORMAT = "dwarf-with-dsym";
				DEFINES_MODULE = YES;
				ENABLE_NS_ASSERTIONS = NO;
				ENABLE_STRICT_OBJC_MSGSEND = YES;
				GCC_C_LANGUAGE_STANDARD = gnu99;
				GCC_NO_COMMON_BLOCKS = YES;
				GCC_WARN_64_TO_32_BIT_CONVERSION = YES;
				GCC_WARN_ABOUT_RETURN_TYPE = YES_ERROR;
				GCC_WARN_UNDECLARED_SELECTOR = YES;
				GCC_WARN_UNINITIALIZED_AUTOS = YES_AGGRESSIVE;
				GCC_WARN_UNUSED_FUNCTION = YES;
				GCC_WARN_UNUSED_VARIABLE = YES;
				IPHONEOS_DEPLOYMENT_TARGET = 8.0;
				MODULEMAP_FILE = "";
				MTL_ENABLE_DEBUG_INFO = NO;
				ONLY_ACTIVE_ARCH = NO;
				OTHER_LDFLAGS = "-ObjC";
				PRODUCT_NAME = "$(TARGET_NAME)";
				SDKROOT = iphoneos;
				SKIP_INSTALL = YES;
				VALIDATE_PRODUCT = YES;
			};
			name = Release;
		};
		98FCA78C1E03CECC0007A27F /* Debug */ = {
			isa = XCBuildConfiguration;
			buildSettings = {
				ALWAYS_SEARCH_USER_PATHS = NO;
				ASSETCATALOG_COMPILER_APPICON_NAME = AppIcon;
				CLANG_ANALYZER_NONNULL = YES;
				CLANG_CXX_LANGUAGE_STANDARD = "gnu++0x";
				CLANG_CXX_LIBRARY = "libc++";
				CLANG_ENABLE_MODULES = YES;
				CLANG_ENABLE_OBJC_ARC = YES;
				CLANG_WARN_BOOL_CONVERSION = YES;
				CLANG_WARN_CONSTANT_CONVERSION = YES;
				CLANG_WARN_DIRECT_OBJC_ISA_USAGE = YES_ERROR;
				CLANG_WARN_DOCUMENTATION_COMMENTS = YES;
				CLANG_WARN_EMPTY_BODY = YES;
				CLANG_WARN_ENUM_CONVERSION = YES;
				CLANG_WARN_INFINITE_RECURSION = YES;
				CLANG_WARN_INT_CONVERSION = YES;
				CLANG_WARN_OBJC_ROOT_CLASS = YES_ERROR;
				CLANG_WARN_SUSPICIOUS_MOVES = YES;
				CLANG_WARN_UNREACHABLE_CODE = YES;
				CLANG_WARN__DUPLICATE_METHOD_MATCH = YES;
				"CODE_SIGN_IDENTITY[sdk=iphoneos*]" = "iPhone Developer";
				COPY_PHASE_STRIP = NO;
				DEBUG_INFORMATION_FORMAT = dwarf;
				DEVELOPMENT_TEAM = 4TF6TS28RE;
				ENABLE_STRICT_OBJC_MSGSEND = YES;
				ENABLE_TESTABILITY = YES;
				GCC_C_LANGUAGE_STANDARD = gnu99;
				GCC_DYNAMIC_NO_PIC = NO;
				GCC_NO_COMMON_BLOCKS = YES;
				GCC_OPTIMIZATION_LEVEL = 0;
				GCC_PREPROCESSOR_DEFINITIONS = (
					"DEBUG=1",
					"$(inherited)",
				);
				GCC_WARN_64_TO_32_BIT_CONVERSION = YES;
				GCC_WARN_ABOUT_RETURN_TYPE = YES_ERROR;
				GCC_WARN_UNDECLARED_SELECTOR = YES;
				GCC_WARN_UNINITIALIZED_AUTOS = YES_AGGRESSIVE;
				GCC_WARN_UNUSED_FUNCTION = YES;
				GCC_WARN_UNUSED_VARIABLE = YES;
				INFOPLIST_FILE = demo/Info.plist;
				IPHONEOS_DEPLOYMENT_TARGET = 8.0;
				LD_RUNPATH_SEARCH_PATHS = "$(inherited) @executable_path/Frameworks";
				MTL_ENABLE_DEBUG_INFO = YES;
				ONLY_ACTIVE_ARCH = YES;
				PRODUCT_BUNDLE_IDENTIFIER = quickSQLite.demo;
				PRODUCT_NAME = "$(TARGET_NAME)";
				SDKROOT = iphoneos;
			};
			name = Debug;
		};
		98FCA78D1E03CECC0007A27F /* Release */ = {
			isa = XCBuildConfiguration;
			buildSettings = {
				ALWAYS_SEARCH_USER_PATHS = NO;
				ASSETCATALOG_COMPILER_APPICON_NAME = AppIcon;
				CLANG_ANALYZER_NONNULL = YES;
				CLANG_CXX_LANGUAGE_STANDARD = "gnu++0x";
				CLANG_CXX_LIBRARY = "libc++";
				CLANG_ENABLE_MODULES = YES;
				CLANG_ENABLE_OBJC_ARC = YES;
				CLANG_WARN_BOOL_CONVERSION = YES;
				CLANG_WARN_CONSTANT_CONVERSION = YES;
				CLANG_WARN_DIRECT_OBJC_ISA_USAGE = YES_ERROR;
				CLANG_WARN_DOCUMENTATION_COMMENTS = YES;
				CLANG_WARN_EMPTY_BODY = YES;
				CLANG_WARN_ENUM_CONVERSION = YES;
				CLANG_WARN_INFINITE_RECURSION = YES;
				CLANG_WARN_INT_CONVERSION = YES;
				CLANG_WARN_OBJC_ROOT_CLASS = YES_ERROR;
				CLANG_WARN_SUSPICIOUS_MOVES = YES;
				CLANG_WARN_UNREACHABLE_CODE = YES;
				CLANG_WARN__DUPLICATE_METHOD_MATCH = YES;
				"CODE_SIGN_IDENTITY[sdk=iphoneos*]" = "iPhone Developer";
				COPY_PHASE_STRIP = NO;
				DEBUG_INFORMATION_FORMAT = "dwarf-with-dsym";
				DEVELOPMENT_TEAM = 4TF6TS28RE;
				ENABLE_NS_ASSERTIONS = NO;
				ENABLE_STRICT_OBJC_MSGSEND = YES;
				GCC_C_LANGUAGE_STANDARD = gnu99;
				GCC_NO_COMMON_BLOCKS = YES;
				GCC_WARN_64_TO_32_BIT_CONVERSION = YES;
				GCC_WARN_ABOUT_RETURN_TYPE = YES_ERROR;
				GCC_WARN_UNDECLARED_SELECTOR = YES;
				GCC_WARN_UNINITIALIZED_AUTOS = YES_AGGRESSIVE;
				GCC_WARN_UNUSED_FUNCTION = YES;
				GCC_WARN_UNUSED_VARIABLE = YES;
				INFOPLIST_FILE = demo/Info.plist;
				IPHONEOS_DEPLOYMENT_TARGET = 8.0;
				LD_RUNPATH_SEARCH_PATHS = "$(inherited) @executable_path/Frameworks";
				MTL_ENABLE_DEBUG_INFO = NO;
				PRODUCT_BUNDLE_IDENTIFIER = quickSQLite.demo;
				PRODUCT_NAME = "$(TARGET_NAME)";
				SDKROOT = iphoneos;
				VALIDATE_PRODUCT = YES;
			};
			name = Release;
		};
		98FCA7A51E03D7EA0007A27F /* Debug */ = {
			isa = XCBuildConfiguration;
			buildSettings = {
				ALWAYS_SEARCH_USER_PATHS = NO;
				BUNDLE_LOADER = "$(TEST_HOST)";
				CLANG_ANALYZER_NONNULL = YES;
				CLANG_CXX_LANGUAGE_STANDARD = "gnu++0x";
				CLANG_CXX_LIBRARY = "libc++";
				CLANG_ENABLE_MODULES = YES;
				CLANG_ENABLE_OBJC_ARC = YES;
				CLANG_WARN_BOOL_CONVERSION = YES;
				CLANG_WARN_CONSTANT_CONVERSION = YES;
				CLANG_WARN_DIRECT_OBJC_ISA_USAGE = YES_ERROR;
				CLANG_WARN_DOCUMENTATION_COMMENTS = YES;
				CLANG_WARN_EMPTY_BODY = YES;
				CLANG_WARN_ENUM_CONVERSION = YES;
				CLANG_WARN_INFINITE_RECURSION = YES;
				CLANG_WARN_INT_CONVERSION = YES;
				CLANG_WARN_OBJC_ROOT_CLASS = YES_ERROR;
				CLANG_WARN_SUSPICIOUS_MOVES = YES;
				CLANG_WARN_UNREACHABLE_CODE = YES;
				CLANG_WARN__DUPLICATE_METHOD_MATCH = YES;
				"CODE_SIGN_IDENTITY[sdk=iphoneos*]" = "iPhone Developer";
				COPY_PHASE_STRIP = NO;
				DEBUG_INFORMATION_FORMAT = dwarf;
				DEVELOPMENT_TEAM = 4TF6TS28RE;
				ENABLE_STRICT_OBJC_MSGSEND = YES;
				ENABLE_TESTABILITY = YES;
				GCC_C_LANGUAGE_STANDARD = gnu99;
				GCC_DYNAMIC_NO_PIC = NO;
				GCC_NO_COMMON_BLOCKS = YES;
				GCC_OPTIMIZATION_LEVEL = 0;
				GCC_PREPROCESSOR_DEFINITIONS = (
					"DEBUG=1",
					"$(inherited)",
				);
				GCC_WARN_64_TO_32_BIT_CONVERSION = YES;
				GCC_WARN_ABOUT_RETURN_TYPE = YES_ERROR;
				GCC_WARN_UNDECLARED_SELECTOR = YES;
				GCC_WARN_UNINITIALIZED_AUTOS = YES_AGGRESSIVE;
				GCC_WARN_UNUSED_FUNCTION = YES;
				GCC_WARN_UNUSED_VARIABLE = YES;
				INFOPLIST_FILE = demoTests/Info.plist;
				IPHONEOS_DEPLOYMENT_TARGET = 10.1;
				LD_RUNPATH_SEARCH_PATHS = "$(inherited) @executable_path/Frameworks @loader_path/Frameworks";
				MTL_ENABLE_DEBUG_INFO = YES;
				ONLY_ACTIVE_ARCH = YES;
				PRODUCT_BUNDLE_IDENTIFIER = quickSQLite.demoTests;
				PRODUCT_NAME = "$(TARGET_NAME)";
				SDKROOT = iphoneos;
				TEST_HOST = "$(BUILT_PRODUCTS_DIR)/demo.app/demo";
			};
			name = Debug;
		};
		98FCA7A61E03D7EA0007A27F /* Release */ = {
			isa = XCBuildConfiguration;
			buildSettings = {
				ALWAYS_SEARCH_USER_PATHS = NO;
				BUNDLE_LOADER = "$(TEST_HOST)";
				CLANG_ANALYZER_NONNULL = YES;
				CLANG_CXX_LANGUAGE_STANDARD = "gnu++0x";
				CLANG_CXX_LIBRARY = "libc++";
				CLANG_ENABLE_MODULES = YES;
				CLANG_ENABLE_OBJC_ARC = YES;
				CLANG_WARN_BOOL_CONVERSION = YES;
				CLANG_WARN_CONSTANT_CONVERSION = YES;
				CLANG_WARN_DIRECT_OBJC_ISA_USAGE = YES_ERROR;
				CLANG_WARN_DOCUMENTATION_COMMENTS = YES;
				CLANG_WARN_EMPTY_BODY = YES;
				CLANG_WARN_ENUM_CONVERSION = YES;
				CLANG_WARN_INFINITE_RECURSION = YES;
				CLANG_WARN_INT_CONVERSION = YES;
				CLANG_WARN_OBJC_ROOT_CLASS = YES_ERROR;
				CLANG_WARN_SUSPICIOUS_MOVES = YES;
				CLANG_WARN_UNREACHABLE_CODE = YES;
				CLANG_WARN__DUPLICATE_METHOD_MATCH = YES;
				"CODE_SIGN_IDENTITY[sdk=iphoneos*]" = "iPhone Developer";
				COPY_PHASE_STRIP = NO;
				DEBUG_INFORMATION_FORMAT = "dwarf-with-dsym";
				DEVELOPMENT_TEAM = 4TF6TS28RE;
				ENABLE_NS_ASSERTIONS = NO;
				ENABLE_STRICT_OBJC_MSGSEND = YES;
				GCC_C_LANGUAGE_STANDARD = gnu99;
				GCC_NO_COMMON_BLOCKS = YES;
				GCC_WARN_64_TO_32_BIT_CONVERSION = YES;
				GCC_WARN_ABOUT_RETURN_TYPE = YES_ERROR;
				GCC_WARN_UNDECLARED_SELECTOR = YES;
				GCC_WARN_UNINITIALIZED_AUTOS = YES_AGGRESSIVE;
				GCC_WARN_UNUSED_FUNCTION = YES;
				GCC_WARN_UNUSED_VARIABLE = YES;
				INFOPLIST_FILE = demoTests/Info.plist;
				IPHONEOS_DEPLOYMENT_TARGET = 10.1;
				LD_RUNPATH_SEARCH_PATHS = "$(inherited) @executable_path/Frameworks @loader_path/Frameworks";
				MTL_ENABLE_DEBUG_INFO = NO;
				PRODUCT_BUNDLE_IDENTIFIER = quickSQLite.demoTests;
				PRODUCT_NAME = "$(TARGET_NAME)";
				SDKROOT = iphoneos;
				TEST_HOST = "$(BUILT_PRODUCTS_DIR)/demo.app/demo";
				VALIDATE_PRODUCT = YES;
			};
			name = Release;
		};
/* End XCBuildConfiguration section */

/* Begin XCConfigurationList section */
		98FCA6C61E0277260007A27F /* Build configuration list for PBXProject "QuickSQLite" */ = {
			isa = XCConfigurationList;
			buildConfigurations = (
				98FCA6C71E0277260007A27F /* Debug */,
				98FCA6C81E0277260007A27F /* Release */,
			);
			defaultConfigurationIsVisible = 0;
			defaultConfigurationName = Release;
		};
		98FCA7151E0279DB0007A27F /* Build configuration list for PBXNativeTarget "framework" */ = {
			isa = XCConfigurationList;
			buildConfigurations = (
				98FCA7161E0279DB0007A27F /* Debug */,
				98FCA7171E0279DB0007A27F /* Release */,
			);
			defaultConfigurationIsVisible = 0;
			defaultConfigurationName = Release;
		};
		98FCA7231E027A100007A27F /* Build configuration list for PBXNativeTarget "staticLibrary" */ = {
			isa = XCConfigurationList;
			buildConfigurations = (
				98FCA7241E027A100007A27F /* Debug */,
				98FCA7251E027A100007A27F /* Release */,
			);
			defaultConfigurationIsVisible = 0;
			defaultConfigurationName = Release;
		};
		98FCA78B1E03CECC0007A27F /* Build configuration list for PBXNativeTarget "demo" */ = {
			isa = XCConfigurationList;
			buildConfigurations = (
				98FCA78C1E03CECC0007A27F /* Debug */,
				98FCA78D1E03CECC0007A27F /* Release */,
			);
			defaultConfigurationIsVisible = 0;
			defaultConfigurationName = Release;
		};
		98FCA7A41E03D7EA0007A27F /* Build configuration list for PBXNativeTarget "demoTests" */ = {
			isa = XCConfigurationList;
			buildConfigurations = (
				98FCA7A51E03D7EA0007A27F /* Debug */,
				98FCA7A61E03D7EA0007A27F /* Release */,
			);
			defaultConfigurationIsVisible = 0;
			defaultConfigurationName = Release;
		};
/* End XCConfigurationList section */
	};
	rootObject = 98FCA6C31E0277260007A27F /* Project object */;
}
